// !$*UTF8*$!
{
	archiveVersion = 1;
	classes = {
	};
	objectVersion = 54;
	objects = {

/* Begin PBXBuildFile section */
		087CDA862B8C8C8A00B969E2 /* RCTLevelPlayBNDelegateWrapper.m in Sources */ = {isa = PBXBuildFile; fileRef = 087CDA732B8C8C8A00B969E2 /* RCTLevelPlayBNDelegateWrapper.m */; };
		087CDA872B8C8C8A00B969E2 /* RCTLevelPlayNativeAdView.m in Sources */ = {isa = PBXBuildFile; fileRef = 087CDA752B8C8C8A00B969E2 /* RCTLevelPlayNativeAdView.m */; };
		087CDA882B8C8C8A00B969E2 /* RCTLevelPlayRVDelegateWrapper.m in Sources */ = {isa = PBXBuildFile; fileRef = 087CDA762B8C8C8A00B969E2 /* RCTLevelPlayRVDelegateWrapper.m */; };
		087CDA892B8C8C8A00B969E2 /* ATTrackingManagerBridge.m in Sources */ = {isa = PBXBuildFile; fileRef = 087CDA7C2B8C8C8A00B969E2 /* ATTrackingManagerBridge.m */; };
		087CDA8B2B8C8C8A00B969E2 /* RCTLevelPlayISDelegateWrapper.m in Sources */ = {isa = PBXBuildFile; fileRef = 087CDA812B8C8C8A00B969E2 /* RCTLevelPlayISDelegateWrapper.m */; };
		087CDA8C2B8C8C8A00B969E2 /* Constants.m in Sources */ = {isa = PBXBuildFile; fileRef = 087CDA822B8C8C8A00B969E2 /* Constants.m */; };
		087CDA8D2B8C8C8A00B969E2 /* IronSourceMediation.m in Sources */ = {isa = PBXBuildFile; fileRef = 087CDA832B8C8C8A00B969E2 /* IronSourceMediation.m */; };
		087CDA8F2B8C8C8A00B969E2 /* RCTLevelPlayNativeAdViewManager.m in Sources */ = {isa = PBXBuildFile; fileRef = 087CDA852B8C8C8A00B969E2 /* RCTLevelPlayNativeAdViewManager.m */; };
		897D562C45A4CD347B38F4A6 /* libPods-IronSourceMediation.a in Frameworks */ = {isa = PBXBuildFile; fileRef = 5926E196D71E5593E32D521B /* libPods-IronSourceMediation.a */; };
		F919F42D2CBD079D001ECC55 /* RCTLevelPlayBannerAdViewManager.m in Sources */ = {isa = PBXBuildFile; fileRef = F919F42C2CBD079B001ECC55 /* RCTLevelPlayBannerAdViewManager.m */; };
		F919F4302CBD0AA9001ECC55 /* RCTLevelPlayBannerAdView.m in Sources */ = {isa = PBXBuildFile; fileRef = F919F42F2CBD0AA7001ECC55 /* RCTLevelPlayBannerAdView.m */; };
		F92599112C04BEAF006370DE /* LevelPlayNativeAdTemplateStyle.m in Sources */ = {isa = PBXBuildFile; fileRef = F925990B2C04BEAF006370DE /* LevelPlayNativeAdTemplateStyle.m */; };
		F92599122C04BEAF006370DE /* LevelPlayNativeAdElementStyle.m in Sources */ = {isa = PBXBuildFile; fileRef = F925990F2C04BEAF006370DE /* LevelPlayNativeAdElementStyle.m */; };
		F92599152C04BEC5006370DE /* LevelPlayUtils.m in Sources */ = {isa = PBXBuildFile; fileRef = F92599142C04BEC5006370DE /* LevelPlayUtils.m */; };
		F9303E4F2CE0D77C0098CFEC /* LevelPlayInterstitialAdDelegate.m in Sources */ = {isa = PBXBuildFile; fileRef = F9303E4E2CE0D77C0098CFEC /* LevelPlayInterstitialAdDelegate.m */; };
		F9303E502CE0D77C0098CFEC /* LevelPlayAdObjectManager.m in Sources */ = {isa = PBXBuildFile; fileRef = F9303E4C2CE0D77C0098CFEC /* LevelPlayAdObjectManager.m */; };
		F96259182CE0DDBD00399C06 /* IronSourceConfig.m in Sources */ = {isa = PBXBuildFile; fileRef = F96259172CE0DDBD00399C06 /* IronSourceConfig.m */; };
		F9E3CF252C04D2CF007C6A5A /* RCTLevelPlayNativeAdViewManagerTemplate.m in Sources */ = {isa = PBXBuildFile; fileRef = F9E3CF232C04D2CE007C6A5A /* RCTLevelPlayNativeAdViewManagerTemplate.m */; };
/* End PBXBuildFile section */

/* Begin PBXCopyFilesBuildPhase section */
		58B511D91A9E6C8500147676 /* CopyFiles */ = {
			isa = PBXCopyFilesBuildPhase;
			buildActionMask = 2147483647;
			dstPath = "include/$(PRODUCT_NAME)";
			dstSubfolderSpec = 16;
			files = (
			);
			runOnlyForDeploymentPostprocessing = 0;
		};
/* End PBXCopyFilesBuildPhase section */

/* Begin PBXFileReference section */
		087CDA732B8C8C8A00B969E2 /* RCTLevelPlayBNDelegateWrapper.m */ = {isa = PBXFileReference; fileEncoding = 4; lastKnownFileType = sourcecode.c.objc; name = RCTLevelPlayBNDelegateWrapper.m; path = IronSourceMediation/RCTLevelPlayBNDelegateWrapper.m; sourceTree = "<group>"; };
		087CDA742B8C8C8A00B969E2 /* RCTLevelPlayBNDelegateWrapper.h */ = {isa = PBXFileReference; fileEncoding = 4; lastKnownFileType = sourcecode.c.h; name = RCTLevelPlayBNDelegateWrapper.h; path = IronSourceMediation/RCTLevelPlayBNDelegateWrapper.h; sourceTree = "<group>"; };
		087CDA752B8C8C8A00B969E2 /* RCTLevelPlayNativeAdView.m */ = {isa = PBXFileReference; fileEncoding = 4; lastKnownFileType = sourcecode.c.objc; name = RCTLevelPlayNativeAdView.m; path = IronSourceMediation/RCTLevelPlayNativeAdView.m; sourceTree = "<group>"; };
		087CDA762B8C8C8A00B969E2 /* RCTLevelPlayRVDelegateWrapper.m */ = {isa = PBXFileReference; fileEncoding = 4; lastKnownFileType = sourcecode.c.objc; name = RCTLevelPlayRVDelegateWrapper.m; path = IronSourceMediation/RCTLevelPlayRVDelegateWrapper.m; sourceTree = "<group>"; };
		087CDA772B8C8C8A00B969E2 /* RCTLevelPlayNativeAdView.h */ = {isa = PBXFileReference; fileEncoding = 4; lastKnownFileType = sourcecode.c.h; name = RCTLevelPlayNativeAdView.h; path = IronSourceMediation/RCTLevelPlayNativeAdView.h; sourceTree = "<group>"; };
		087CDA782B8C8C8A00B969E2 /* RCTLevelPlayRVDelegateWrapper.h */ = {isa = PBXFileReference; fileEncoding = 4; lastKnownFileType = sourcecode.c.h; name = RCTLevelPlayRVDelegateWrapper.h; path = IronSourceMediation/RCTLevelPlayRVDelegateWrapper.h; sourceTree = "<group>"; };
		087CDA792B8C8C8A00B969E2 /* ATTrackingManagerBridge.h */ = {isa = PBXFileReference; fileEncoding = 4; lastKnownFileType = sourcecode.c.h; name = ATTrackingManagerBridge.h; path = IronSourceMediation/ATTrackingManagerBridge.h; sourceTree = "<group>"; };
		087CDA7A2B8C8C8A00B969E2 /* RCTLevelPlayNativeAdViewManager.h */ = {isa = PBXFileReference; fileEncoding = 4; lastKnownFileType = sourcecode.c.h; name = RCTLevelPlayNativeAdViewManager.h; path = IronSourceMediation/RCTLevelPlayNativeAdViewManager.h; sourceTree = "<group>"; };
		087CDA7C2B8C8C8A00B969E2 /* ATTrackingManagerBridge.m */ = {isa = PBXFileReference; fileEncoding = 4; lastKnownFileType = sourcecode.c.objc; name = ATTrackingManagerBridge.m; path = IronSourceMediation/ATTrackingManagerBridge.m; sourceTree = "<group>"; };
		087CDA7D2B8C8C8A00B969E2 /* RCTLevelPlayISDelegateWrapper.h */ = {isa = PBXFileReference; fileEncoding = 4; lastKnownFileType = sourcecode.c.h; name = RCTLevelPlayISDelegateWrapper.h; path = IronSourceMediation/RCTLevelPlayISDelegateWrapper.h; sourceTree = "<group>"; };
		087CDA7F2B8C8C8A00B969E2 /* Constants.h */ = {isa = PBXFileReference; fileEncoding = 4; lastKnownFileType = sourcecode.c.h; name = Constants.h; path = IronSourceMediation/Constants.h; sourceTree = "<group>"; };
		087CDA802B8C8C8A00B969E2 /* IronSourceMediation.h */ = {isa = PBXFileReference; fileEncoding = 4; lastKnownFileType = sourcecode.c.h; name = IronSourceMediation.h; path = IronSourceMediation/IronSourceMediation.h; sourceTree = "<group>"; };
		087CDA812B8C8C8A00B969E2 /* RCTLevelPlayISDelegateWrapper.m */ = {isa = PBXFileReference; fileEncoding = 4; lastKnownFileType = sourcecode.c.objc; name = RCTLevelPlayISDelegateWrapper.m; path = IronSourceMediation/RCTLevelPlayISDelegateWrapper.m; sourceTree = "<group>"; };
		087CDA822B8C8C8A00B969E2 /* Constants.m */ = {isa = PBXFileReference; fileEncoding = 4; lastKnownFileType = sourcecode.c.objc; name = Constants.m; path = IronSourceMediation/Constants.m; sourceTree = "<group>"; };
		087CDA832B8C8C8A00B969E2 /* IronSourceMediation.m */ = {isa = PBXFileReference; fileEncoding = 4; lastKnownFileType = sourcecode.c.objc; name = IronSourceMediation.m; path = IronSourceMediation/IronSourceMediation.m; sourceTree = "<group>"; };
		087CDA852B8C8C8A00B969E2 /* RCTLevelPlayNativeAdViewManager.m */ = {isa = PBXFileReference; fileEncoding = 4; lastKnownFileType = sourcecode.c.objc; name = RCTLevelPlayNativeAdViewManager.m; path = IronSourceMediation/RCTLevelPlayNativeAdViewManager.m; sourceTree = "<group>"; };
		134814201AA4EA6300B7C361 /* libIronSourceMediation.a */ = {isa = PBXFileReference; explicitFileType = archive.ar; includeInIndex = 0; path = libIronSourceMediation.a; sourceTree = BUILT_PRODUCTS_DIR; };
		5926E196D71E5593E32D521B /* libPods-IronSourceMediation.a */ = {isa = PBXFileReference; explicitFileType = archive.ar; includeInIndex = 0; path = "libPods-IronSourceMediation.a"; sourceTree = BUILT_PRODUCTS_DIR; };
		9D55ABD61FF8AABFDA1A6958 /* Pods-IronSourceMediation.release.xcconfig */ = {isa = PBXFileReference; includeInIndex = 1; lastKnownFileType = text.xcconfig; name = "Pods-IronSourceMediation.release.xcconfig"; path = "Target Support Files/Pods-IronSourceMediation/Pods-IronSourceMediation.release.xcconfig"; sourceTree = "<group>"; };
		DB085A88A7796178250BC20A /* Pods-IronSourceMediation.debug.xcconfig */ = {isa = PBXFileReference; includeInIndex = 1; lastKnownFileType = text.xcconfig; name = "Pods-IronSourceMediation.debug.xcconfig"; path = "Target Support Files/Pods-IronSourceMediation/Pods-IronSourceMediation.debug.xcconfig"; sourceTree = "<group>"; };
		F919F42B2CBD06EB001ECC55 /* RCTLevelPlayBannerAdViewManager.h */ = {isa = PBXFileReference; lastKnownFileType = sourcecode.c.h; name = RCTLevelPlayBannerAdViewManager.h; path = IronSourceMediation/RCTLevelPlayBannerAdViewManager.h; sourceTree = "<group>"; };
		F919F42C2CBD079B001ECC55 /* RCTLevelPlayBannerAdViewManager.m */ = {isa = PBXFileReference; lastKnownFileType = sourcecode.c.objc; name = RCTLevelPlayBannerAdViewManager.m; path = IronSourceMediation/RCTLevelPlayBannerAdViewManager.m; sourceTree = "<group>"; };
		F919F42E2CBD097F001ECC55 /* RCTLevelPlayBannerAdView.h */ = {isa = PBXFileReference; lastKnownFileType = sourcecode.c.h; name = RCTLevelPlayBannerAdView.h; path = IronSourceMediation/RCTLevelPlayBannerAdView.h; sourceTree = "<group>"; };
		F919F42F2CBD0AA7001ECC55 /* RCTLevelPlayBannerAdView.m */ = {isa = PBXFileReference; lastKnownFileType = sourcecode.c.objc; name = RCTLevelPlayBannerAdView.m; path = IronSourceMediation/RCTLevelPlayBannerAdView.m; sourceTree = "<group>"; };
		F925990B2C04BEAF006370DE /* LevelPlayNativeAdTemplateStyle.m */ = {isa = PBXFileReference; fileEncoding = 4; lastKnownFileType = sourcecode.c.objc; name = LevelPlayNativeAdTemplateStyle.m; path = IronSourceMediation/LevelPlayNativeAdTemplateStyle.m; sourceTree = "<group>"; };
		F925990C2C04BEAF006370DE /* LevelPlayNativeAdViewMedium.xib */ = {isa = PBXFileReference; fileEncoding = 4; lastKnownFileType = file.xib; name = LevelPlayNativeAdViewMedium.xib; path = IronSourceMediation/LevelPlayNativeAdViewMedium.xib; sourceTree = "<group>"; };
		F925990D2C04BEAF006370DE /* LevelPlayNativeAdViewSmall.xib */ = {isa = PBXFileReference; fileEncoding = 4; lastKnownFileType = file.xib; name = LevelPlayNativeAdViewSmall.xib; path = IronSourceMediation/LevelPlayNativeAdViewSmall.xib; sourceTree = "<group>"; };
		F925990E2C04BEAF006370DE /* LevelPlayNativeAdElementStyle.h */ = {isa = PBXFileReference; fileEncoding = 4; lastKnownFileType = sourcecode.c.h; name = LevelPlayNativeAdElementStyle.h; path = IronSourceMediation/LevelPlayNativeAdElementStyle.h; sourceTree = "<group>"; };
		F925990F2C04BEAF006370DE /* LevelPlayNativeAdElementStyle.m */ = {isa = PBXFileReference; fileEncoding = 4; lastKnownFileType = sourcecode.c.objc; name = LevelPlayNativeAdElementStyle.m; path = IronSourceMediation/LevelPlayNativeAdElementStyle.m; sourceTree = "<group>"; };
		F92599102C04BEAF006370DE /* LevelPlayNativeAdTemplateStyle.h */ = {isa = PBXFileReference; fileEncoding = 4; lastKnownFileType = sourcecode.c.h; name = LevelPlayNativeAdTemplateStyle.h; path = IronSourceMediation/LevelPlayNativeAdTemplateStyle.h; sourceTree = "<group>"; };
		F92599132C04BEC5006370DE /* LevelPlayUtils.h */ = {isa = PBXFileReference; fileEncoding = 4; lastKnownFileType = sourcecode.c.h; name = LevelPlayUtils.h; path = IronSourceMediation/LevelPlayUtils.h; sourceTree = "<group>"; };
		F92599142C04BEC5006370DE /* LevelPlayUtils.m */ = {isa = PBXFileReference; fileEncoding = 4; lastKnownFileType = sourcecode.c.objc; name = LevelPlayUtils.m; path = IronSourceMediation/LevelPlayUtils.m; sourceTree = "<group>"; };
		F9303E4B2CE0D77C0098CFEC /* LevelPlayAdObjectManager.h */ = {isa = PBXFileReference; lastKnownFileType = sourcecode.c.h; name = LevelPlayAdObjectManager.h; path = IronSourceMediation/LevelPlayAdObjectManager.h; sourceTree = "<group>"; };
		F9303E4C2CE0D77C0098CFEC /* LevelPlayAdObjectManager.m */ = {isa = PBXFileReference; lastKnownFileType = sourcecode.c.objc; name = LevelPlayAdObjectManager.m; path = IronSourceMediation/LevelPlayAdObjectManager.m; sourceTree = "<group>"; };
		F9303E4D2CE0D77C0098CFEC /* LevelPlayInterstitialAdDelegate.h */ = {isa = PBXFileReference; lastKnownFileType = sourcecode.c.h; name = LevelPlayInterstitialAdDelegate.h; path = IronSourceMediation/LevelPlayInterstitialAdDelegate.h; sourceTree = "<group>"; };
		F9303E4E2CE0D77C0098CFEC /* LevelPlayInterstitialAdDelegate.m */ = {isa = PBXFileReference; lastKnownFileType = sourcecode.c.objc; name = LevelPlayInterstitialAdDelegate.m; path = IronSourceMediation/LevelPlayInterstitialAdDelegate.m; sourceTree = "<group>"; };
		F96259162CE0DDBD00399C06 /* IronSourceConfig.h */ = {isa = PBXFileReference; lastKnownFileType = sourcecode.c.h; name = IronSourceConfig.h; path = IronSourceMediation/IronSourceConfig.h; sourceTree = "<group>"; };
		F96259172CE0DDBD00399C06 /* IronSourceConfig.m */ = {isa = PBXFileReference; lastKnownFileType = sourcecode.c.objc; name = IronSourceConfig.m; path = IronSourceMediation/IronSourceConfig.m; sourceTree = "<group>"; };
		F9E3CF232C04D2CE007C6A5A /* RCTLevelPlayNativeAdViewManagerTemplate.m */ = {isa = PBXFileReference; fileEncoding = 4; lastKnownFileType = sourcecode.c.objc; name = RCTLevelPlayNativeAdViewManagerTemplate.m; path = IronSourceMediation/RCTLevelPlayNativeAdViewManagerTemplate.m; sourceTree = "<group>"; };
		F9E3CF242C04D2CF007C6A5A /* RCTLevelPlayNativeAdViewManagerTemplate.h */ = {isa = PBXFileReference; fileEncoding = 4; lastKnownFileType = sourcecode.c.h; name = RCTLevelPlayNativeAdViewManagerTemplate.h; path = IronSourceMediation/RCTLevelPlayNativeAdViewManagerTemplate.h; sourceTree = "<group>"; };
/* End PBXFileReference section */

/* Begin PBXFrameworksBuildPhase section */
		58B511D81A9E6C8500147676 /* Frameworks */ = {
			isa = PBXFrameworksBuildPhase;
			buildActionMask = 2147483647;
			files = (
				897D562C45A4CD347B38F4A6 /* libPods-IronSourceMediation.a in Frameworks */,
			);
			runOnlyForDeploymentPostprocessing = 0;
		};
/* End PBXFrameworksBuildPhase section */

/* Begin PBXGroup section */
		134814211AA4EA7D00B7C361 /* Products */ = {
			isa = PBXGroup;
			children = (
				134814201AA4EA6300B7C361 /* libIronSourceMediation.a */,
			);
			name = Products;
			sourceTree = "<group>";
		};
		46ABCFB4E09F7ADC392DD5F5 /* Pods */ = {
			isa = PBXGroup;
			children = (
				DB085A88A7796178250BC20A /* Pods-IronSourceMediation.debug.xcconfig */,
				9D55ABD61FF8AABFDA1A6958 /* Pods-IronSourceMediation.release.xcconfig */,
			);
			path = Pods;
			sourceTree = "<group>";
		};
		58B511D21A9E6C8500147676 = {
			isa = PBXGroup;
			children = (
				F919F42F2CBD0AA7001ECC55 /* RCTLevelPlayBannerAdView.m */,
				F919F42E2CBD097F001ECC55 /* RCTLevelPlayBannerAdView.h */,
				F919F42C2CBD079B001ECC55 /* RCTLevelPlayBannerAdViewManager.m */,
				F919F42B2CBD06EB001ECC55 /* RCTLevelPlayBannerAdViewManager.h */,
				087CDA792B8C8C8A00B969E2 /* ATTrackingManagerBridge.h */,
				087CDA7C2B8C8C8A00B969E2 /* ATTrackingManagerBridge.m */,
				087CDA7F2B8C8C8A00B969E2 /* Constants.h */,
				087CDA822B8C8C8A00B969E2 /* Constants.m */,
				F96259162CE0DDBD00399C06 /* IronSourceConfig.h */,
				F96259172CE0DDBD00399C06 /* IronSourceConfig.m */,
				087CDA802B8C8C8A00B969E2 /* IronSourceMediation.h */,
				087CDA832B8C8C8A00B969E2 /* IronSourceMediation.m */,
				087CDA742B8C8C8A00B969E2 /* RCTLevelPlayBNDelegateWrapper.h */,
				087CDA732B8C8C8A00B969E2 /* RCTLevelPlayBNDelegateWrapper.m */,
				F9303E4B2CE0D77C0098CFEC /* LevelPlayAdObjectManager.h */,
				F9303E4C2CE0D77C0098CFEC /* LevelPlayAdObjectManager.m */,
				F9303E4D2CE0D77C0098CFEC /* LevelPlayInterstitialAdDelegate.h */,
				F9303E4E2CE0D77C0098CFEC /* LevelPlayInterstitialAdDelegate.m */,
				F9E3CF242C04D2CF007C6A5A /* RCTLevelPlayNativeAdViewManagerTemplate.h */,
				F9E3CF232C04D2CE007C6A5A /* RCTLevelPlayNativeAdViewManagerTemplate.m */,
				087CDA7D2B8C8C8A00B969E2 /* RCTLevelPlayISDelegateWrapper.h */,
				087CDA812B8C8C8A00B969E2 /* RCTLevelPlayISDelegateWrapper.m */,
				F925990E2C04BEAF006370DE /* LevelPlayNativeAdElementStyle.h */,
				F925990F2C04BEAF006370DE /* LevelPlayNativeAdElementStyle.m */,
				F92599102C04BEAF006370DE /* LevelPlayNativeAdTemplateStyle.h */,
				F925990B2C04BEAF006370DE /* LevelPlayNativeAdTemplateStyle.m */,
				F925990C2C04BEAF006370DE /* LevelPlayNativeAdViewMedium.xib */,
				F925990D2C04BEAF006370DE /* LevelPlayNativeAdViewSmall.xib */,
				087CDA772B8C8C8A00B969E2 /* RCTLevelPlayNativeAdView.h */,
				087CDA752B8C8C8A00B969E2 /* RCTLevelPlayNativeAdView.m */,
				087CDA7A2B8C8C8A00B969E2 /* RCTLevelPlayNativeAdViewManager.h */,
				087CDA852B8C8C8A00B969E2 /* RCTLevelPlayNativeAdViewManager.m */,
				087CDA782B8C8C8A00B969E2 /* RCTLevelPlayRVDelegateWrapper.h */,
				087CDA762B8C8C8A00B969E2 /* RCTLevelPlayRVDelegateWrapper.m */,
				F92599132C04BEC5006370DE /* LevelPlayUtils.h */,
				F92599142C04BEC5006370DE /* LevelPlayUtils.m */,
				134814211AA4EA7D00B7C361 /* Products */,
				46ABCFB4E09F7ADC392DD5F5 /* Pods */,
				83B6D5244BA9F54D657FD7DA /* Frameworks */,
			);
			sourceTree = "<group>";
		};
		83B6D5244BA9F54D657FD7DA /* Frameworks */ = {
			isa = PBXGroup;
			children = (
				5926E196D71E5593E32D521B /* libPods-IronSourceMediation.a */,
			);
			name = Frameworks;
			sourceTree = "<group>";
		};
/* End PBXGroup section */

/* Begin PBXNativeTarget section */
		58B511DA1A9E6C8500147676 /* IronSourceMediation */ = {
			isa = PBXNativeTarget;
			buildConfigurationList = 58B511EF1A9E6C8500147676 /* Build configuration list for PBXNativeTarget "IronSourceMediation" */;
			buildPhases = (
				C2A6E657A61412989B2033B5 /* [CP] Check Pods Manifest.lock */,
				58B511D71A9E6C8500147676 /* Sources */,
				58B511D81A9E6C8500147676 /* Frameworks */,
				58B511D91A9E6C8500147676 /* CopyFiles */,
			);
			buildRules = (
			);
			dependencies = (
			);
			name = IronSourceMediation;
			productName = RCTDataManager;
			productReference = 134814201AA4EA6300B7C361 /* libIronSourceMediation.a */;
			productType = "com.apple.product-type.library.static";
		};
/* End PBXNativeTarget section */

/* Begin PBXProject section */
		58B511D31A9E6C8500147676 /* Project object */ = {
			isa = PBXProject;
			attributes = {
				BuildIndependentTargetsInParallel = YES;
				LastUpgradeCheck = 1500;
				ORGANIZATIONNAME = Facebook;
				TargetAttributes = {
					58B511DA1A9E6C8500147676 = {
						CreatedOnToolsVersion = 6.1.1;
					};
				};
			};
			buildConfigurationList = 58B511D61A9E6C8500147676 /* Build configuration list for PBXProject "IronSourceMediation" */;
			compatibilityVersion = "Xcode 3.2";
			developmentRegion = en;
			hasScannedForEncodings = 0;
			knownRegions = (
				en,
				Base,
			);
			mainGroup = 58B511D21A9E6C8500147676;
			productRefGroup = 58B511D21A9E6C8500147676;
			projectDirPath = "";
			projectRoot = "";
			targets = (
				58B511DA1A9E6C8500147676 /* IronSourceMediation */,
			);
		};
/* End PBXProject section */

/* Begin PBXShellScriptBuildPhase section */
		C2A6E657A61412989B2033B5 /* [CP] Check Pods Manifest.lock */ = {
			isa = PBXShellScriptBuildPhase;
			buildActionMask = 2147483647;
			files = (
			);
			inputFileListPaths = (
			);
			inputPaths = (
				"${PODS_PODFILE_DIR_PATH}/Podfile.lock",
				"${PODS_ROOT}/Manifest.lock",
			);
			name = "[CP] Check Pods Manifest.lock";
			outputFileListPaths = (
			);
			outputPaths = (
				"$(DERIVED_FILE_DIR)/Pods-IronSourceMediation-checkManifestLockResult.txt",
			);
			runOnlyForDeploymentPostprocessing = 0;
			shellPath = /bin/sh;
			shellScript = "diff \"${PODS_PODFILE_DIR_PATH}/Podfile.lock\" \"${PODS_ROOT}/Manifest.lock\" > /dev/null\nif [ $? != 0 ] ; then\n    # print error to STDERR\n    echo \"error: The sandbox is not in sync with the Podfile.lock. Run 'pod install' or update your CocoaPods installation.\" >&2\n    exit 1\nfi\n# This output is used by Xcode 'outputs' to avoid re-running this script phase.\necho \"SUCCESS\" > \"${SCRIPT_OUTPUT_FILE_0}\"\n";
			showEnvVarsInLog = 0;
		};
/* End PBXShellScriptBuildPhase section */

/* Begin PBXSourcesBuildPhase section */
		58B511D71A9E6C8500147676 /* Sources */ = {
			isa = PBXSourcesBuildPhase;
			buildActionMask = 2147483647;
			files = (
				F92599152C04BEC5006370DE /* LevelPlayUtils.m in Sources */,
				087CDA892B8C8C8A00B969E2 /* ATTrackingManagerBridge.m in Sources */,
				087CDA862B8C8C8A00B969E2 /* RCTLevelPlayBNDelegateWrapper.m in Sources */,
				087CDA872B8C8C8A00B969E2 /* RCTLevelPlayNativeAdView.m in Sources */,
				F9303E4F2CE0D77C0098CFEC /* LevelPlayInterstitialAdDelegate.m in Sources */,
				F9303E502CE0D77C0098CFEC /* LevelPlayAdObjectManager.m in Sources */,
				087CDA8D2B8C8C8A00B969E2 /* IronSourceMediation.m in Sources */,
				F92599112C04BEAF006370DE /* LevelPlayNativeAdTemplateStyle.m in Sources */,
				087CDA882B8C8C8A00B969E2 /* RCTLevelPlayRVDelegateWrapper.m in Sources */,
				087CDA8C2B8C8C8A00B969E2 /* Constants.m in Sources */,
				087CDA8B2B8C8C8A00B969E2 /* RCTLevelPlayISDelegateWrapper.m in Sources */,
				F919F42D2CBD079D001ECC55 /* RCTLevelPlayBannerAdViewManager.m in Sources */,
				F96259182CE0DDBD00399C06 /* IronSourceConfig.m in Sources */,
				F919F4302CBD0AA9001ECC55 /* RCTLevelPlayBannerAdView.m in Sources */,
				F9E3CF252C04D2CF007C6A5A /* RCTLevelPlayNativeAdViewManagerTemplate.m in Sources */,
				087CDA8F2B8C8C8A00B969E2 /* RCTLevelPlayNativeAdViewManager.m in Sources */,
				F92599122C04BEAF006370DE /* LevelPlayNativeAdElementStyle.m in Sources */,
			);
			runOnlyForDeploymentPostprocessing = 0;
		};
/* End PBXSourcesBuildPhase section */

/* Begin XCBuildConfiguration section */
		58B511ED1A9E6C8500147676 /* Debug */ = {
			isa = XCBuildConfiguration;
			buildSettings = {
				ALWAYS_SEARCH_USER_PATHS = NO;
				CLANG_ANALYZER_LOCALIZABILITY_NONLOCALIZED = YES;
				CLANG_CXX_LANGUAGE_STANDARD = "c++20";
				CLANG_CXX_LIBRARY = "libc++";
				CLANG_ENABLE_MODULES = YES;
				CLANG_ENABLE_OBJC_ARC = YES;
				CLANG_WARN_BLOCK_CAPTURE_AUTORELEASING = YES;
				CLANG_WARN_BOOL_CONVERSION = YES;
				CLANG_WARN_COMMA = YES;
				CLANG_WARN_CONSTANT_CONVERSION = YES;
				CLANG_WARN_DEPRECATED_OBJC_IMPLEMENTATIONS = YES;
				CLANG_WARN_DIRECT_OBJC_ISA_USAGE = YES_ERROR;
				CLANG_WARN_EMPTY_BODY = YES;
				CLANG_WARN_ENUM_CONVERSION = YES;
				CLANG_WARN_INFINITE_RECURSION = YES;
				CLANG_WARN_INT_CONVERSION = YES;
				CLANG_WARN_NON_LITERAL_NULL_CONVERSION = YES;
				CLANG_WARN_OBJC_IMPLICIT_RETAIN_SELF = YES;
				CLANG_WARN_OBJC_LITERAL_CONVERSION = YES;
				CLANG_WARN_OBJC_ROOT_CLASS = YES_ERROR;
				CLANG_WARN_QUOTED_INCLUDE_IN_FRAMEWORK_HEADER = YES;
				CLANG_WARN_RANGE_LOOP_ANALYSIS = YES;
				CLANG_WARN_STRICT_PROTOTYPES = YES;
				CLANG_WARN_SUSPICIOUS_MOVE = YES;
				CLANG_WARN_UNREACHABLE_CODE = YES;
				CLANG_WARN__DUPLICATE_METHOD_MATCH = YES;
				COPY_PHASE_STRIP = NO;
				ENABLE_STRICT_OBJC_MSGSEND = YES;
				ENABLE_TESTABILITY = YES;
				ENABLE_USER_SCRIPT_SANDBOXING = YES;
				"EXCLUDED_ARCHS[sdk=iphonesimulator*]" = i386;
				GCC_C_LANGUAGE_STANDARD = gnu99;
				GCC_DYNAMIC_NO_PIC = NO;
				GCC_NO_COMMON_BLOCKS = YES;
				GCC_OPTIMIZATION_LEVEL = 0;
				GCC_PREPROCESSOR_DEFINITIONS = (
					"DEBUG=1",
					"$(inherited)",
				);
				GCC_SYMBOLS_PRIVATE_EXTERN = NO;
				GCC_WARN_64_TO_32_BIT_CONVERSION = YES;
				GCC_WARN_ABOUT_RETURN_TYPE = YES_ERROR;
				GCC_WARN_UNDECLARED_SELECTOR = YES;
				GCC_WARN_UNINITIALIZED_AUTOS = YES_AGGRESSIVE;
				GCC_WARN_UNUSED_FUNCTION = YES;
				GCC_WARN_UNUSED_VARIABLE = YES;
				IPHONEOS_DEPLOYMENT_TARGET = 12.0;
				MTL_ENABLE_DEBUG_INFO = YES;
				ONLY_ACTIVE_ARCH = YES;
				OTHER_CFLAGS = "$(inherited)";
				OTHER_CPLUSPLUSFLAGS = "$(inherited)";
				OTHER_LDFLAGS = (
					"$(inherited)",
					"-Wl",
					"-ld_classic",
				);
				REACT_NATIVE_PATH = "${PODS_ROOT}/../../node_modules/react-native";
				SDKROOT = iphoneos;
				USE_HERMES = true;
			};
			name = Debug;
		};
		58B511EE1A9E6C8500147676 /* Release */ = {
			isa = XCBuildConfiguration;
			buildSettings = {
				ALWAYS_SEARCH_USER_PATHS = NO;
				CLANG_ANALYZER_LOCALIZABILITY_NONLOCALIZED = YES;
				CLANG_CXX_LANGUAGE_STANDARD = "c++20";
				CLANG_CXX_LIBRARY = "libc++";
				CLANG_ENABLE_MODULES = YES;
				CLANG_ENABLE_OBJC_ARC = YES;
				CLANG_WARN_BLOCK_CAPTURE_AUTORELEASING = YES;
				CLANG_WARN_BOOL_CONVERSION = YES;
				CLANG_WARN_COMMA = YES;
				CLANG_WARN_CONSTANT_CONVERSION = YES;
				CLANG_WARN_DEPRECATED_OBJC_IMPLEMENTATIONS = YES;
				CLANG_WARN_DIRECT_OBJC_ISA_USAGE = YES_ERROR;
				CLANG_WARN_EMPTY_BODY = YES;
				CLANG_WARN_ENUM_CONVERSION = YES;
				CLANG_WARN_INFINITE_RECURSION = YES;
				CLANG_WARN_INT_CONVERSION = YES;
				CLANG_WARN_NON_LITERAL_NULL_CONVERSION = YES;
				CLANG_WARN_OBJC_IMPLICIT_RETAIN_SELF = YES;
				CLANG_WARN_OBJC_LITERAL_CONVERSION = YES;
				CLANG_WARN_OBJC_ROOT_CLASS = YES_ERROR;
				CLANG_WARN_QUOTED_INCLUDE_IN_FRAMEWORK_HEADER = YES;
				CLANG_WARN_RANGE_LOOP_ANALYSIS = YES;
				CLANG_WARN_STRICT_PROTOTYPES = YES;
				CLANG_WARN_SUSPICIOUS_MOVE = YES;
				CLANG_WARN_UNREACHABLE_CODE = YES;
				CLANG_WARN__DUPLICATE_METHOD_MATCH = YES;
				COPY_PHASE_STRIP = YES;
				ENABLE_NS_ASSERTIONS = NO;
				ENABLE_STRICT_OBJC_MSGSEND = YES;
				ENABLE_USER_SCRIPT_SANDBOXING = YES;
				"EXCLUDED_ARCHS[sdk=iphonesimulator*]" = i386;
				GCC_C_LANGUAGE_STANDARD = gnu99;
				GCC_NO_COMMON_BLOCKS = YES;
				GCC_WARN_64_TO_32_BIT_CONVERSION = YES;
				GCC_WARN_ABOUT_RETURN_TYPE = YES_ERROR;
				GCC_WARN_UNDECLARED_SELECTOR = YES;
				GCC_WARN_UNINITIALIZED_AUTOS = YES_AGGRESSIVE;
				GCC_WARN_UNUSED_FUNCTION = YES;
				GCC_WARN_UNUSED_VARIABLE = YES;
				IPHONEOS_DEPLOYMENT_TARGET = 12.0;
				MTL_ENABLE_DEBUG_INFO = NO;
				OTHER_CFLAGS = "$(inherited)";
				OTHER_CPLUSPLUSFLAGS = "$(inherited)";
				OTHER_LDFLAGS = (
					"$(inherited)",
					"-Wl",
					"-ld_classic",
				);
				REACT_NATIVE_PATH = "${PODS_ROOT}/../../node_modules/react-native";
				SDKROOT = iphoneos;
				USE_HERMES = true;
				VALIDATE_PRODUCT = YES;
			};
			name = Release;
		};
		58B511F01A9E6C8500147676 /* Debug */ = {
			isa = XCBuildConfiguration;
			baseConfigurationReference = DB085A88A7796178250BC20A /* Pods-IronSourceMediation.debug.xcconfig */;
			buildSettings = {
				HEADER_SEARCH_PATHS = (
					"$(inherited)",
					/Applications/Xcode.app/Contents/Developer/Toolchains/XcodeDefault.xctoolchain/usr/include,
					"$(SRCROOT)/../../../React/**",
					"$(SRCROOT)/../../react-native/React/**",
				);
				LIBRARY_SEARCH_PATHS = "$(SDKROOT)/usr/lib/swift$(inherited)";
				OTHER_LDFLAGS = "$(inherited)";
				PRODUCT_NAME = IronSourceMediation;
				SKIP_INSTALL = YES;
			};
			name = Debug;
		};
		58B511F11A9E6C8500147676 /* Release */ = {
			isa = XCBuildConfiguration;
			baseConfigurationReference = 9D55ABD61FF8AABFDA1A6958 /* Pods-IronSourceMediation.release.xcconfig */;
			buildSettings = {
				HEADER_SEARCH_PATHS = (
					"$(inherited)",
					/Applications/Xcode.app/Contents/Developer/Toolchains/XcodeDefault.xctoolchain/usr/include,
					"$(SRCROOT)/../../../React/**",
					"$(SRCROOT)/../../react-native/React/**",
				);
				LIBRARY_SEARCH_PATHS = "$(SDKROOT)/usr/lib/swift$(inherited)";
				OTHER_LDFLAGS = "$(inherited)";
				PRODUCT_NAME = IronSourceMediation;
				SKIP_INSTALL = YES;
			};
			name = Release;
		};
/* End XCBuildConfiguration section */

/* Begin XCConfigurationList section */
		58B511D61A9E6C8500147676 /* Build configuration list for PBXProject "IronSourceMediation" */ = {
			isa = XCConfigurationList;
			buildConfigurations = (
				58B511ED1A9E6C8500147676 /* Debug */,
				58B511EE1A9E6C8500147676 /* Release */,
			);
			defaultConfigurationIsVisible = 0;
			defaultConfigurationName = Release;
		};
		58B511EF1A9E6C8500147676 /* Build configuration list for PBXNativeTarget "IronSourceMediation" */ = {
			isa = XCConfigurationList;
			buildConfigurations = (
				58B511F01A9E6C8500147676 /* Debug */,
				58B511F11A9E6C8500147676 /* Release */,
			);
			defaultConfigurationIsVisible = 0;
			defaultConfigurationName = Release;
		};
/* End XCConfigurationList section */
	};
	rootObject = 58B511D31A9E6C8500147676 /* Project object */;
}
